
Microsoft Visual Studio Solution File, Format Version 12.00
# Visual Studio Version 16
VisualStudioVersion = 16.0.31911.196
MinimumVisualStudioVersion = 10.0.40219.1
Project("{FAE04EC0-301F-11D3-BF4B-00C04F79EFBC}") = "FEJEHAudiencias", "FEJEHAudiencias\FEJEHAudiencias.csproj", "{201687FD-455E-447A-9E8B-F444C400EA49}"
EndProject
Global
	GlobalSection(SolutionConfigurationPlatforms) = preSolution
		Debug|Any CPU = Debug|Any CPU
		Release|Any CPU = Release|Any CPU
	EndGlobalSection
	GlobalSection(ProjectConfigurationPlatforms) = postSolution
		{201687FD-455E-447A-9E8B-F444C400EA49}.Debug|Any CPU.ActiveCfg = Debug|Any CPU
		{201687FD-455E-447A-9E8B-F444C400EA49}.Debug|Any CPU.Build.0 = Debug|Any CPU
		{201687FD-455E-447A-9E8B-F444C400EA49}.Release|Any CPU.ActiveCfg = Release|Any CPU
		{201687FD-455E-447A-9E8B-F444C400EA49}.Release|Any CPU.Build.0 = Release|Any CPU
	EndGlobalSection
	GlobalSection(SolutionProperties) = preSolution
		HideSolutionNode = FALSE
	EndGlobalSection
	GlobalSection(ExtensibilityGlobals) = postSolution
		SolutionGuid = {98F70465-5A48-4871-9E3B-6106BC7607AB}
	EndGlobalSection
EndGlobal
